// !$*UTF8*$!
{
	archiveVersion = 1;
	classes = {
	};
	objectVersion = 56;
	objects = {

/* Begin PBXBuildFile section */
		F23D2421295D42F100EB06E6 /* AppDelegate.swift in Sources */ = {isa = PBXBuildFile; fileRef = F23D2420295D42F100EB06E6 /* AppDelegate.swift */; };
		F23D2423295D42F100EB06E6 /* SceneDelegate.swift in Sources */ = {isa = PBXBuildFile; fileRef = F23D2422295D42F100EB06E6 /* SceneDelegate.swift */; };
		F23D2425295D42F100EB06E6 /* ViewController.swift in Sources */ = {isa = PBXBuildFile; fileRef = F23D2424295D42F100EB06E6 /* ViewController.swift */; };
		F23D2428295D42F100EB06E6 /* Main.storyboard in Resources */ = {isa = PBXBuildFile; fileRef = F23D2426295D42F100EB06E6 /* Main.storyboard */; };
		F23D242A295D42F200EB06E6 /* Assets.xcassets in Resources */ = {isa = PBXBuildFile; fileRef = F23D2429295D42F200EB06E6 /* Assets.xcassets */; };
		F23D242D295D42F200EB06E6 /* LaunchScreen.storyboard in Resources */ = {isa = PBXBuildFile; fileRef = F23D242B295D42F200EB06E6 /* LaunchScreen.storyboard */; };
		F23D2438295D42F200EB06E6 /* kidsnoteTests.swift in Sources */ = {isa = PBXBuildFile; fileRef = F23D2437295D42F200EB06E6 /* kidsnoteTests.swift */; };
		F23D2442295D42F200EB06E6 /* kidsnoteUITests.swift in Sources */ = {isa = PBXBuildFile; fileRef = F23D2441295D42F200EB06E6 /* kidsnoteUITests.swift */; };
		F23D2444295D42F200EB06E6 /* kidsnoteUITestsLaunchTests.swift in Sources */ = {isa = PBXBuildFile; fileRef = F23D2443295D42F200EB06E6 /* kidsnoteUITestsLaunchTests.swift */; };
		F23D2452295E7C5800EB06E6 /* API.swift in Sources */ = {isa = PBXBuildFile; fileRef = F23D2451295E7C5800EB06E6 /* API.swift */; };
		F23D2454295E813500EB06E6 /* APITests.swift in Sources */ = {isa = PBXBuildFile; fileRef = F23D2453295E813500EB06E6 /* APITests.swift */; };
		F23D2455295E8B4900EB06E6 /* API.swift in Sources */ = {isa = PBXBuildFile; fileRef = F23D2451295E7C5800EB06E6 /* API.swift */; };
		F23D24592961CF1100EB06E6 /* VolumeSearchResult.swift in Sources */ = {isa = PBXBuildFile; fileRef = F23D24582961CF1100EB06E6 /* VolumeSearchResult.swift */; };
		F23D245A2961CF1100EB06E6 /* VolumeSearchResult.swift in Sources */ = {isa = PBXBuildFile; fileRef = F23D24582961CF1100EB06E6 /* VolumeSearchResult.swift */; };
		F23D245C2961CF3700EB06E6 /* VolumeItem.swift in Sources */ = {isa = PBXBuildFile; fileRef = F23D245B2961CF3700EB06E6 /* VolumeItem.swift */; };
		F23D245D2961CF3700EB06E6 /* VolumeItem.swift in Sources */ = {isa = PBXBuildFile; fileRef = F23D245B2961CF3700EB06E6 /* VolumeItem.swift */; };
		F23D246729625E9200EB06E6 /* ImageLoader.swift in Sources */ = {isa = PBXBuildFile; fileRef = F23D246629625E9200EB06E6 /* ImageLoader.swift */; };
		F23D246B2962608000EB06E6 /* ImageLoaderTests.swift in Sources */ = {isa = PBXBuildFile; fileRef = F23D24692962608000EB06E6 /* ImageLoaderTests.swift */; };
		F23D247B2962658A00EB06E6 /* HomeView.swift in Sources */ = {isa = PBXBuildFile; fileRef = F23D247A2962658A00EB06E6 /* HomeView.swift */; };
		F23D247D296265A500EB06E6 /* HomeViewController.swift in Sources */ = {isa = PBXBuildFile; fileRef = F23D247C296265A500EB06E6 /* HomeViewController.swift */; };
		F23D24802962670200EB06E6 /* FlexLayout in Frameworks */ = {isa = PBXBuildFile; productRef = F23D247F2962670200EB06E6 /* FlexLayout */; };
		F23D24822962670200EB06E6 /* FlexLayoutYoga in Frameworks */ = {isa = PBXBuildFile; productRef = F23D24812962670200EB06E6 /* FlexLayoutYoga */; };
		F23D24842962670200EB06E6 /* FlexLayoutYogaKit in Frameworks */ = {isa = PBXBuildFile; productRef = F23D24832962670200EB06E6 /* FlexLayoutYogaKit */; };
		F23D248A29626AA400EB06E6 /* PinLayout in Frameworks */ = {isa = PBXBuildFile; productRef = F23D248929626AA400EB06E6 /* PinLayout */; };
		F23D248D29626AF100EB06E6 /* VolumeItemCell.swift in Sources */ = {isa = PBXBuildFile; fileRef = F23D248C29626AF100EB06E6 /* VolumeItemCell.swift */; };
/* End PBXBuildFile section */

/* Begin PBXContainerItemProxy section */
		F23D2434295D42F200EB06E6 /* PBXContainerItemProxy */ = {
			isa = PBXContainerItemProxy;
			containerPortal = F23D2415295D42F100EB06E6 /* Project object */;
			proxyType = 1;
			remoteGlobalIDString = F23D241C295D42F100EB06E6;
			remoteInfo = kidsnote;
		};
		F23D243E295D42F200EB06E6 /* PBXContainerItemProxy */ = {
			isa = PBXContainerItemProxy;
			containerPortal = F23D2415295D42F100EB06E6 /* Project object */;
			proxyType = 1;
			remoteGlobalIDString = F23D241C295D42F100EB06E6;
			remoteInfo = kidsnote;
		};
/* End PBXContainerItemProxy section */

/* Begin PBXFileReference section */
		F23D241D295D42F100EB06E6 /* kidsnote.app */ = {isa = PBXFileReference; explicitFileType = wrapper.application; includeInIndex = 0; path = kidsnote.app; sourceTree = BUILT_PRODUCTS_DIR; };
		F23D2420295D42F100EB06E6 /* AppDelegate.swift */ = {isa = PBXFileReference; lastKnownFileType = sourcecode.swift; path = AppDelegate.swift; sourceTree = "<group>"; };
		F23D2422295D42F100EB06E6 /* SceneDelegate.swift */ = {isa = PBXFileReference; lastKnownFileType = sourcecode.swift; path = SceneDelegate.swift; sourceTree = "<group>"; };
		F23D2424295D42F100EB06E6 /* ViewController.swift */ = {isa = PBXFileReference; lastKnownFileType = sourcecode.swift; path = ViewController.swift; sourceTree = "<group>"; };
		F23D2427295D42F100EB06E6 /* Base */ = {isa = PBXFileReference; lastKnownFileType = file.storyboard; name = Base; path = Base.lproj/Main.storyboard; sourceTree = "<group>"; };
		F23D2429295D42F200EB06E6 /* Assets.xcassets */ = {isa = PBXFileReference; lastKnownFileType = folder.assetcatalog; path = Assets.xcassets; sourceTree = "<group>"; };
		F23D242C295D42F200EB06E6 /* Base */ = {isa = PBXFileReference; lastKnownFileType = file.storyboard; name = Base; path = Base.lproj/LaunchScreen.storyboard; sourceTree = "<group>"; };
		F23D242E295D42F200EB06E6 /* Info.plist */ = {isa = PBXFileReference; lastKnownFileType = text.plist.xml; path = Info.plist; sourceTree = "<group>"; };
		F23D2433295D42F200EB06E6 /* kidsnoteTests.xctest */ = {isa = PBXFileReference; explicitFileType = wrapper.cfbundle; includeInIndex = 0; path = kidsnoteTests.xctest; sourceTree = BUILT_PRODUCTS_DIR; };
		F23D2437295D42F200EB06E6 /* kidsnoteTests.swift */ = {isa = PBXFileReference; lastKnownFileType = sourcecode.swift; path = kidsnoteTests.swift; sourceTree = "<group>"; };
		F23D243D295D42F200EB06E6 /* kidsnoteUITests.xctest */ = {isa = PBXFileReference; explicitFileType = wrapper.cfbundle; includeInIndex = 0; path = kidsnoteUITests.xctest; sourceTree = BUILT_PRODUCTS_DIR; };
		F23D2441295D42F200EB06E6 /* kidsnoteUITests.swift */ = {isa = PBXFileReference; lastKnownFileType = sourcecode.swift; path = kidsnoteUITests.swift; sourceTree = "<group>"; };
		F23D2443295D42F200EB06E6 /* kidsnoteUITestsLaunchTests.swift */ = {isa = PBXFileReference; lastKnownFileType = sourcecode.swift; path = kidsnoteUITestsLaunchTests.swift; sourceTree = "<group>"; };
		F23D2451295E7C5800EB06E6 /* API.swift */ = {isa = PBXFileReference; lastKnownFileType = sourcecode.swift; name = API.swift; path = ../../../API.swift; sourceTree = "<group>"; };
		F23D2453295E813500EB06E6 /* APITests.swift */ = {isa = PBXFileReference; lastKnownFileType = sourcecode.swift; path = APITests.swift; sourceTree = "<group>"; };
		F23D24582961CF1100EB06E6 /* VolumeSearchResult.swift */ = {isa = PBXFileReference; lastKnownFileType = sourcecode.swift; path = VolumeSearchResult.swift; sourceTree = "<group>"; };
		F23D245B2961CF3700EB06E6 /* VolumeItem.swift */ = {isa = PBXFileReference; lastKnownFileType = sourcecode.swift; path = VolumeItem.swift; sourceTree = "<group>"; };
		F23D246629625E9200EB06E6 /* ImageLoader.swift */ = {isa = PBXFileReference; lastKnownFileType = sourcecode.swift; path = ImageLoader.swift; sourceTree = "<group>"; };
		F23D24692962608000EB06E6 /* ImageLoaderTests.swift */ = {isa = PBXFileReference; lastKnownFileType = sourcecode.swift; path = ImageLoaderTests.swift; sourceTree = "<group>"; };
		F23D247A2962658A00EB06E6 /* HomeView.swift */ = {isa = PBXFileReference; lastKnownFileType = sourcecode.swift; path = HomeView.swift; sourceTree = "<group>"; };
		F23D247C296265A500EB06E6 /* HomeViewController.swift */ = {isa = PBXFileReference; lastKnownFileType = sourcecode.swift; path = HomeViewController.swift; sourceTree = "<group>"; };
		F23D248C29626AF100EB06E6 /* VolumeItemCell.swift */ = {isa = PBXFileReference; lastKnownFileType = sourcecode.swift; path = VolumeItemCell.swift; sourceTree = "<group>"; };
/* End PBXFileReference section */

/* Begin PBXFrameworksBuildPhase section */
		F23D241A295D42F100EB06E6 /* Frameworks */ = {
			isa = PBXFrameworksBuildPhase;
			buildActionMask = 2147483647;
			files = (
				F23D24802962670200EB06E6 /* FlexLayout in Frameworks */,
				F23D24822962670200EB06E6 /* FlexLayoutYoga in Frameworks */,
				F23D248A29626AA400EB06E6 /* PinLayout in Frameworks */,
				F23D24842962670200EB06E6 /* FlexLayoutYogaKit in Frameworks */,
			);
			runOnlyForDeploymentPostprocessing = 0;
		};
		F23D2430295D42F200EB06E6 /* Frameworks */ = {
			isa = PBXFrameworksBuildPhase;
			buildActionMask = 2147483647;
			files = (
			);
			runOnlyForDeploymentPostprocessing = 0;
		};
		F23D243A295D42F200EB06E6 /* Frameworks */ = {
			isa = PBXFrameworksBuildPhase;
			buildActionMask = 2147483647;
			files = (
			);
			runOnlyForDeploymentPostprocessing = 0;
		};
/* End PBXFrameworksBuildPhase section */

/* Begin PBXGroup section */
		F23D2414295D42F100EB06E6 = {
			isa = PBXGroup;
			children = (
				F23D241F295D42F100EB06E6 /* kidsnote */,
				F23D2436295D42F200EB06E6 /* kidsnoteTests */,
				F23D2440295D42F200EB06E6 /* kidsnoteUITests */,
				F23D241E295D42F100EB06E6 /* Products */,
			);
			sourceTree = "<group>";
		};
		F23D241E295D42F100EB06E6 /* Products */ = {
			isa = PBXGroup;
			children = (
				F23D241D295D42F100EB06E6 /* kidsnote.app */,
				F23D2433295D42F200EB06E6 /* kidsnoteTests.xctest */,
				F23D243D295D42F200EB06E6 /* kidsnoteUITests.xctest */,
			);
			name = Products;
			sourceTree = "<group>";
		};
		F23D241F295D42F100EB06E6 /* kidsnote */ = {
			isa = PBXGroup;
			children = (
				F23D2420295D42F100EB06E6 /* AppDelegate.swift */,
				F23D2422295D42F100EB06E6 /* SceneDelegate.swift */,
				F23D2424295D42F100EB06E6 /* ViewController.swift */,
				F23D24782962657400EB06E6 /* UI */,
				F23D24572961CEF400EB06E6 /* DataModel */,
				F23D2450295E7C3800EB06E6 /* Module */,
				F23D2426295D42F100EB06E6 /* Main.storyboard */,
				F23D2429295D42F200EB06E6 /* Assets.xcassets */,
				F23D242B295D42F200EB06E6 /* LaunchScreen.storyboard */,
				F23D242E295D42F200EB06E6 /* Info.plist */,
			);
			path = kidsnote;
			sourceTree = "<group>";
		};
		F23D2436295D42F200EB06E6 /* kidsnoteTests */ = {
			isa = PBXGroup;
			children = (
				F23D2437295D42F200EB06E6 /* kidsnoteTests.swift */,
				F23D24692962608000EB06E6 /* ImageLoaderTests.swift */,
				F23D2453295E813500EB06E6 /* APITests.swift */,
			);
			path = kidsnoteTests;
			sourceTree = "<group>";
		};
		F23D2440295D42F200EB06E6 /* kidsnoteUITests */ = {
			isa = PBXGroup;
			children = (
				F23D2441295D42F200EB06E6 /* kidsnoteUITests.swift */,
				F23D2443295D42F200EB06E6 /* kidsnoteUITestsLaunchTests.swift */,
			);
			path = kidsnoteUITests;
			sourceTree = "<group>";
		};
		F23D2450295E7C3800EB06E6 /* Module */ = {
			isa = PBXGroup;
			children = (
				F23D2451295E7C5800EB06E6 /* API.swift */,
				F23D246529625E6200EB06E6 /* LoadImage */,
			);
			path = Module;
			sourceTree = "<group>";
		};
		F23D24572961CEF400EB06E6 /* DataModel */ = {
			isa = PBXGroup;
			children = (
				F23D24582961CF1100EB06E6 /* VolumeSearchResult.swift */,
				F23D245B2961CF3700EB06E6 /* VolumeItem.swift */,
			);
			path = DataModel;
			sourceTree = "<group>";
		};
		F23D246529625E6200EB06E6 /* LoadImage */ = {
			isa = PBXGroup;
			children = (
				F23D246629625E9200EB06E6 /* ImageLoader.swift */,
			);
			path = LoadImage;
			sourceTree = "<group>";
		};
		F23D24782962657400EB06E6 /* UI */ = {
			isa = PBXGroup;
			children = (
				F23D24792962657400EB06E6 /* Home */,
			);
			path = UI;
			sourceTree = "<group>";
		};
		F23D24792962657400EB06E6 /* Home */ = {
			isa = PBXGroup;
			children = (
				F23D248B29626ADC00EB06E6 /* Subviews */,
				F23D247A2962658A00EB06E6 /* HomeView.swift */,
				F23D247C296265A500EB06E6 /* HomeViewController.swift */,
			);
			path = Home;
			sourceTree = "<group>";
		};
		F23D248B29626ADC00EB06E6 /* Subviews */ = {
			isa = PBXGroup;
			children = (
				F23D248C29626AF100EB06E6 /* VolumeItemCell.swift */,
			);
			path = Subviews;
			sourceTree = "<group>";
		};
/* End PBXGroup section */

/* Begin PBXNativeTarget section */
		F23D241C295D42F100EB06E6 /* kidsnote */ = {
			isa = PBXNativeTarget;
			buildConfigurationList = F23D2447295D42F200EB06E6 /* Build configuration list for PBXNativeTarget "kidsnote" */;
			buildPhases = (
				F23D2419295D42F100EB06E6 /* Sources */,
				F23D241A295D42F100EB06E6 /* Frameworks */,
				F23D241B295D42F100EB06E6 /* Resources */,
			);
			buildRules = (
			);
			dependencies = (
			);
			name = kidsnote;
			packageProductDependencies = (
				F23D247F2962670200EB06E6 /* FlexLayout */,
				F23D24812962670200EB06E6 /* FlexLayoutYoga */,
				F23D24832962670200EB06E6 /* FlexLayoutYogaKit */,
				F23D248929626AA400EB06E6 /* PinLayout */,
			);
			productName = kidsnote;
			productReference = F23D241D295D42F100EB06E6 /* kidsnote.app */;
			productType = "com.apple.product-type.application";
		};
		F23D2432295D42F200EB06E6 /* kidsnoteTests */ = {
			isa = PBXNativeTarget;
			buildConfigurationList = F23D244A295D42F200EB06E6 /* Build configuration list for PBXNativeTarget "kidsnoteTests" */;
			buildPhases = (
				F23D242F295D42F200EB06E6 /* Sources */,
				F23D2430295D42F200EB06E6 /* Frameworks */,
				F23D2431295D42F200EB06E6 /* Resources */,
			);
			buildRules = (
			);
			dependencies = (
				F23D2435295D42F200EB06E6 /* PBXTargetDependency */,
			);
			name = kidsnoteTests;
			productName = kidsnoteTests;
			productReference = F23D2433295D42F200EB06E6 /* kidsnoteTests.xctest */;
			productType = "com.apple.product-type.bundle.unit-test";
		};
		F23D243C295D42F200EB06E6 /* kidsnoteUITests */ = {
			isa = PBXNativeTarget;
			buildConfigurationList = F23D244D295D42F200EB06E6 /* Build configuration list for PBXNativeTarget "kidsnoteUITests" */;
			buildPhases = (
				F23D2439295D42F200EB06E6 /* Sources */,
				F23D243A295D42F200EB06E6 /* Frameworks */,
				F23D243B295D42F200EB06E6 /* Resources */,
			);
			buildRules = (
			);
			dependencies = (
				F23D243F295D42F200EB06E6 /* PBXTargetDependency */,
			);
			name = kidsnoteUITests;
			productName = kidsnoteUITests;
			productReference = F23D243D295D42F200EB06E6 /* kidsnoteUITests.xctest */;
			productType = "com.apple.product-type.bundle.ui-testing";
		};
/* End PBXNativeTarget section */

/* Begin PBXProject section */
		F23D2415295D42F100EB06E6 /* Project object */ = {
			isa = PBXProject;
			attributes = {
				BuildIndependentTargetsInParallel = 1;
				LastSwiftUpdateCheck = 1400;
				LastUpgradeCheck = 1400;
				TargetAttributes = {
					F23D241C295D42F100EB06E6 = {
						CreatedOnToolsVersion = 14.0;
					};
					F23D2432295D42F200EB06E6 = {
						CreatedOnToolsVersion = 14.0;
						TestTargetID = F23D241C295D42F100EB06E6;
					};
					F23D243C295D42F200EB06E6 = {
						CreatedOnToolsVersion = 14.0;
						TestTargetID = F23D241C295D42F100EB06E6;
					};
				};
			};
			buildConfigurationList = F23D2418295D42F100EB06E6 /* Build configuration list for PBXProject "kidsnote" */;
			compatibilityVersion = "Xcode 14.0";
			developmentRegion = en;
			hasScannedForEncodings = 0;
			knownRegions = (
				en,
				Base,
			);
			mainGroup = F23D2414295D42F100EB06E6;
			packageReferences = (
				F23D247E2962670200EB06E6 /* XCRemoteSwiftPackageReference "FlexLayout" */,
				F23D248829626AA400EB06E6 /* XCRemoteSwiftPackageReference "PinLayout" */,
			);
			productRefGroup = F23D241E295D42F100EB06E6 /* Products */;
			projectDirPath = "";
			projectRoot = "";
			targets = (
				F23D241C295D42F100EB06E6 /* kidsnote */,
				F23D2432295D42F200EB06E6 /* kidsnoteTests */,
				F23D243C295D42F200EB06E6 /* kidsnoteUITests */,
			);
		};
/* End PBXProject section */

/* Begin PBXResourcesBuildPhase section */
		F23D241B295D42F100EB06E6 /* Resources */ = {
			isa = PBXResourcesBuildPhase;
			buildActionMask = 2147483647;
			files = (
				F23D242D295D42F200EB06E6 /* LaunchScreen.storyboard in Resources */,
				F23D242A295D42F200EB06E6 /* Assets.xcassets in Resources */,
				F23D2428295D42F100EB06E6 /* Main.storyboard in Resources */,
			);
			runOnlyForDeploymentPostprocessing = 0;
		};
		F23D2431295D42F200EB06E6 /* Resources */ = {
			isa = PBXResourcesBuildPhase;
			buildActionMask = 2147483647;
			files = (
			);
			runOnlyForDeploymentPostprocessing = 0;
		};
		F23D243B295D42F200EB06E6 /* Resources */ = {
			isa = PBXResourcesBuildPhase;
			buildActionMask = 2147483647;
			files = (
			);
			runOnlyForDeploymentPostprocessing = 0;
		};
/* End PBXResourcesBuildPhase section */

/* Begin PBXSourcesBuildPhase section */
		F23D2419295D42F100EB06E6 /* Sources */ = {
			isa = PBXSourcesBuildPhase;
			buildActionMask = 2147483647;
			files = (
				F23D2425295D42F100EB06E6 /* ViewController.swift in Sources */,
				F23D24592961CF1100EB06E6 /* VolumeSearchResult.swift in Sources */,
				F23D248D29626AF100EB06E6 /* VolumeItemCell.swift in Sources */,
				F23D245C2961CF3700EB06E6 /* VolumeItem.swift in Sources */,
				F23D2421295D42F100EB06E6 /* AppDelegate.swift in Sources */,
				F23D246729625E9200EB06E6 /* ImageLoader.swift in Sources */,
				F23D247D296265A500EB06E6 /* HomeViewController.swift in Sources */,
				F23D247B2962658A00EB06E6 /* HomeView.swift in Sources */,
				F23D2452295E7C5800EB06E6 /* API.swift in Sources */,
				F23D2423295D42F100EB06E6 /* SceneDelegate.swift in Sources */,
			);
			runOnlyForDeploymentPostprocessing = 0;
		};
		F23D242F295D42F200EB06E6 /* Sources */ = {
			isa = PBXSourcesBuildPhase;
			buildActionMask = 2147483647;
			files = (
				F23D246B2962608000EB06E6 /* ImageLoaderTests.swift in Sources */,
				F23D245D2961CF3700EB06E6 /* VolumeItem.swift in Sources */,
				F23D245A2961CF1100EB06E6 /* VolumeSearchResult.swift in Sources */,
				F23D2454295E813500EB06E6 /* APITests.swift in Sources */,
				F23D2455295E8B4900EB06E6 /* API.swift in Sources */,
				F23D2438295D42F200EB06E6 /* kidsnoteTests.swift in Sources */,
			);
			runOnlyForDeploymentPostprocessing = 0;
		};
		F23D2439295D42F200EB06E6 /* Sources */ = {
			isa = PBXSourcesBuildPhase;
			buildActionMask = 2147483647;
			files = (
				F23D2444295D42F200EB06E6 /* kidsnoteUITestsLaunchTests.swift in Sources */,
				F23D2442295D42F200EB06E6 /* kidsnoteUITests.swift in Sources */,
			);
			runOnlyForDeploymentPostprocessing = 0;
		};
/* End PBXSourcesBuildPhase section */

/* Begin PBXTargetDependency section */
		F23D2435295D42F200EB06E6 /* PBXTargetDependency */ = {
			isa = PBXTargetDependency;
			target = F23D241C295D42F100EB06E6 /* kidsnote */;
			targetProxy = F23D2434295D42F200EB06E6 /* PBXContainerItemProxy */;
		};
		F23D243F295D42F200EB06E6 /* PBXTargetDependency */ = {
			isa = PBXTargetDependency;
			target = F23D241C295D42F100EB06E6 /* kidsnote */;
			targetProxy = F23D243E295D42F200EB06E6 /* PBXContainerItemProxy */;
		};
/* End PBXTargetDependency section */

/* Begin PBXVariantGroup section */
		F23D2426295D42F100EB06E6 /* Main.storyboard */ = {
			isa = PBXVariantGroup;
			children = (
				F23D2427295D42F100EB06E6 /* Base */,
			);
			name = Main.storyboard;
			sourceTree = "<group>";
		};
		F23D242B295D42F200EB06E6 /* LaunchScreen.storyboard */ = {
			isa = PBXVariantGroup;
			children = (
				F23D242C295D42F200EB06E6 /* Base */,
			);
			name = LaunchScreen.storyboard;
			sourceTree = "<group>";
		};
/* End PBXVariantGroup section */

/* Begin XCBuildConfiguration section */
		F23D2445295D42F200EB06E6 /* Debug */ = {
			isa = XCBuildConfiguration;
			buildSettings = {
				ALWAYS_SEARCH_USER_PATHS = NO;
				CLANG_ANALYZER_NONNULL = YES;
				CLANG_ANALYZER_NUMBER_OBJECT_CONVERSION = YES_AGGRESSIVE;
				CLANG_CXX_LANGUAGE_STANDARD = "gnu++20";
				CLANG_ENABLE_MODULES = YES;
				CLANG_ENABLE_OBJC_ARC = YES;
				CLANG_ENABLE_OBJC_WEAK = YES;
				CLANG_WARN_BLOCK_CAPTURE_AUTORELEASING = YES;
				CLANG_WARN_BOOL_CONVERSION = YES;
				CLANG_WARN_COMMA = YES;
				CLANG_WARN_CONSTANT_CONVERSION = YES;
				CLANG_WARN_DEPRECATED_OBJC_IMPLEMENTATIONS = YES;
				CLANG_WARN_DIRECT_OBJC_ISA_USAGE = YES_ERROR;
				CLANG_WARN_DOCUMENTATION_COMMENTS = YES;
				CLANG_WARN_EMPTY_BODY = YES;
				CLANG_WARN_ENUM_CONVERSION = YES;
				CLANG_WARN_INFINITE_RECURSION = YES;
				CLANG_WARN_INT_CONVERSION = YES;
				CLANG_WARN_NON_LITERAL_NULL_CONVERSION = YES;
				CLANG_WARN_OBJC_IMPLICIT_RETAIN_SELF = YES;
				CLANG_WARN_OBJC_LITERAL_CONVERSION = YES;
				CLANG_WARN_OBJC_ROOT_CLASS = YES_ERROR;
				CLANG_WARN_QUOTED_INCLUDE_IN_FRAMEWORK_HEADER = YES;
				CLANG_WARN_RANGE_LOOP_ANALYSIS = YES;
				CLANG_WARN_STRICT_PROTOTYPES = YES;
				CLANG_WARN_SUSPICIOUS_MOVE = YES;
				CLANG_WARN_UNGUARDED_AVAILABILITY = YES_AGGRESSIVE;
				CLANG_WARN_UNREACHABLE_CODE = YES;
				CLANG_WARN__DUPLICATE_METHOD_MATCH = YES;
				COPY_PHASE_STRIP = NO;
				DEBUG_INFORMATION_FORMAT = dwarf;
				ENABLE_STRICT_OBJC_MSGSEND = YES;
				ENABLE_TESTABILITY = YES;
				GCC_C_LANGUAGE_STANDARD = gnu11;
				GCC_DYNAMIC_NO_PIC = NO;
				GCC_NO_COMMON_BLOCKS = YES;
				GCC_OPTIMIZATION_LEVEL = 0;
				GCC_PREPROCESSOR_DEFINITIONS = (
					"DEBUG=1",
					"$(inherited)",
				);
				GCC_WARN_64_TO_32_BIT_CONVERSION = YES;
				GCC_WARN_ABOUT_RETURN_TYPE = YES_ERROR;
				GCC_WARN_UNDECLARED_SELECTOR = YES;
				GCC_WARN_UNINITIALIZED_AUTOS = YES_AGGRESSIVE;
				GCC_WARN_UNUSED_FUNCTION = YES;
				GCC_WARN_UNUSED_VARIABLE = YES;
				IPHONEOS_DEPLOYMENT_TARGET = 16.0;
				MTL_ENABLE_DEBUG_INFO = INCLUDE_SOURCE;
				MTL_FAST_MATH = YES;
				ONLY_ACTIVE_ARCH = YES;
				SDKROOT = iphoneos;
				SWIFT_ACTIVE_COMPILATION_CONDITIONS = DEBUG;
				SWIFT_OPTIMIZATION_LEVEL = "-Onone";
			};
			name = Debug;
		};
		F23D2446295D42F200EB06E6 /* Release */ = {
			isa = XCBuildConfiguration;
			buildSettings = {
				ALWAYS_SEARCH_USER_PATHS = NO;
				CLANG_ANALYZER_NONNULL = YES;
				CLANG_ANALYZER_NUMBER_OBJECT_CONVERSION = YES_AGGRESSIVE;
				CLANG_CXX_LANGUAGE_STANDARD = "gnu++20";
				CLANG_ENABLE_MODULES = YES;
				CLANG_ENABLE_OBJC_ARC = YES;
				CLANG_ENABLE_OBJC_WEAK = YES;
				CLANG_WARN_BLOCK_CAPTURE_AUTORELEASING = YES;
				CLANG_WARN_BOOL_CONVERSION = YES;
				CLANG_WARN_COMMA = YES;
				CLANG_WARN_CONSTANT_CONVERSION = YES;
				CLANG_WARN_DEPRECATED_OBJC_IMPLEMENTATIONS = YES;
				CLANG_WARN_DIRECT_OBJC_ISA_USAGE = YES_ERROR;
				CLANG_WARN_DOCUMENTATION_COMMENTS = YES;
				CLANG_WARN_EMPTY_BODY = YES;
				CLANG_WARN_ENUM_CONVERSION = YES;
				CLANG_WARN_INFINITE_RECURSION = YES;
				CLANG_WARN_INT_CONVERSION = YES;
				CLANG_WARN_NON_LITERAL_NULL_CONVERSION = YES;
				CLANG_WARN_OBJC_IMPLICIT_RETAIN_SELF = YES;
				CLANG_WARN_OBJC_LITERAL_CONVERSION = YES;
				CLANG_WARN_OBJC_ROOT_CLASS = YES_ERROR;
				CLANG_WARN_QUOTED_INCLUDE_IN_FRAMEWORK_HEADER = YES;
				CLANG_WARN_RANGE_LOOP_ANALYSIS = YES;
				CLANG_WARN_STRICT_PROTOTYPES = YES;
				CLANG_WARN_SUSPICIOUS_MOVE = YES;
				CLANG_WARN_UNGUARDED_AVAILABILITY = YES_AGGRESSIVE;
				CLANG_WARN_UNREACHABLE_CODE = YES;
				CLANG_WARN__DUPLICATE_METHOD_MATCH = YES;
				COPY_PHASE_STRIP = NO;
				DEBUG_INFORMATION_FORMAT = "dwarf-with-dsym";
				ENABLE_NS_ASSERTIONS = NO;
				ENABLE_STRICT_OBJC_MSGSEND = YES;
				GCC_C_LANGUAGE_STANDARD = gnu11;
				GCC_NO_COMMON_BLOCKS = YES;
				GCC_WARN_64_TO_32_BIT_CONVERSION = YES;
				GCC_WARN_ABOUT_RETURN_TYPE = YES_ERROR;
				GCC_WARN_UNDECLARED_SELECTOR = YES;
				GCC_WARN_UNINITIALIZED_AUTOS = YES_AGGRESSIVE;
				GCC_WARN_UNUSED_FUNCTION = YES;
				GCC_WARN_UNUSED_VARIABLE = YES;
				IPHONEOS_DEPLOYMENT_TARGET = 16.0;
				MTL_ENABLE_DEBUG_INFO = NO;
				MTL_FAST_MATH = YES;
				SDKROOT = iphoneos;
				SWIFT_COMPILATION_MODE = wholemodule;
				SWIFT_OPTIMIZATION_LEVEL = "-O";
				VALIDATE_PRODUCT = YES;
			};
			name = Release;
		};
		F23D2448295D42F200EB06E6 /* Debug */ = {
			isa = XCBuildConfiguration;
			buildSettings = {
				ASSETCATALOG_COMPILER_APPICON_NAME = AppIcon;
				ASSETCATALOG_COMPILER_GLOBAL_ACCENT_COLOR_NAME = AccentColor;
				CODE_SIGN_STYLE = Automatic;
				CURRENT_PROJECT_VERSION = 1;
				DEVELOPMENT_TEAM = X893KGQD89;
				GENERATE_INFOPLIST_FILE = YES;
				INFOPLIST_FILE = kidsnote/Info.plist;
				INFOPLIST_KEY_UIApplicationSupportsIndirectInputEvents = YES;
				INFOPLIST_KEY_UILaunchStoryboardName = LaunchScreen;
				INFOPLIST_KEY_UIMainStoryboardFile = Main;
				INFOPLIST_KEY_UISupportedInterfaceOrientations_iPad = "UIInterfaceOrientationPortrait UIInterfaceOrientationPortraitUpsideDown UIInterfaceOrientationLandscapeLeft UIInterfaceOrientationLandscapeRight";
				INFOPLIST_KEY_UISupportedInterfaceOrientations_iPhone = "UIInterfaceOrientationPortrait UIInterfaceOrientationLandscapeLeft UIInterfaceOrientationLandscapeRight";
				LD_RUNPATH_SEARCH_PATHS = (
					"$(inherited)",
					"@executable_path/Frameworks",
				);
				MARKETING_VERSION = 1.0;
				PRODUCT_BUNDLE_IDENTIFIER = com.stevenj.kidsnote;
				PRODUCT_NAME = "$(TARGET_NAME)";
				SWIFT_EMIT_LOC_STRINGS = YES;
				SWIFT_VERSION = 5.0;
				TARGETED_DEVICE_FAMILY = "1,2";
			};
			name = Debug;
		};
		F23D2449295D42F200EB06E6 /* Release */ = {
			isa = XCBuildConfiguration;
			buildSettings = {
				ASSETCATALOG_COMPILER_APPICON_NAME = AppIcon;
				ASSETCATALOG_COMPILER_GLOBAL_ACCENT_COLOR_NAME = AccentColor;
				CODE_SIGN_STYLE = Automatic;
				CURRENT_PROJECT_VERSION = 1;
				DEVELOPMENT_TEAM = X893KGQD89;
				GENERATE_INFOPLIST_FILE = YES;
				INFOPLIST_FILE = kidsnote/Info.plist;
				INFOPLIST_KEY_UIApplicationSupportsIndirectInputEvents = YES;
				INFOPLIST_KEY_UILaunchStoryboardName = LaunchScreen;
				INFOPLIST_KEY_UIMainStoryboardFile = Main;
				INFOPLIST_KEY_UISupportedInterfaceOrientations_iPad = "UIInterfaceOrientationPortrait UIInterfaceOrientationPortraitUpsideDown UIInterfaceOrientationLandscapeLeft UIInterfaceOrientationLandscapeRight";
				INFOPLIST_KEY_UISupportedInterfaceOrientations_iPhone = "UIInterfaceOrientationPortrait UIInterfaceOrientationLandscapeLeft UIInterfaceOrientationLandscapeRight";
				LD_RUNPATH_SEARCH_PATHS = (
					"$(inherited)",
					"@executable_path/Frameworks",
				);
				MARKETING_VERSION = 1.0;
				PRODUCT_BUNDLE_IDENTIFIER = com.stevenj.kidsnote;
				PRODUCT_NAME = "$(TARGET_NAME)";
				SWIFT_EMIT_LOC_STRINGS = YES;
				SWIFT_VERSION = 5.0;
				TARGETED_DEVICE_FAMILY = "1,2";
			};
			name = Release;
		};
		F23D244B295D42F200EB06E6 /* Debug */ = {
			isa = XCBuildConfiguration;
			buildSettings = {
				ALWAYS_EMBED_SWIFT_STANDARD_LIBRARIES = YES;
				BUNDLE_LOADER = "$(TEST_HOST)";
				CODE_SIGN_STYLE = Automatic;
				CURRENT_PROJECT_VERSION = 1;
				DEVELOPMENT_TEAM = X893KGQD89;
				GENERATE_INFOPLIST_FILE = YES;
				IPHONEOS_DEPLOYMENT_TARGET = 16.0;
				MARKETING_VERSION = 1.0;
				PRODUCT_BUNDLE_IDENTIFIER = com.stevenj.kidsnoteTests;
				PRODUCT_NAME = "$(TARGET_NAME)";
				SWIFT_EMIT_LOC_STRINGS = NO;
				SWIFT_VERSION = 5.0;
				TARGETED_DEVICE_FAMILY = "1,2";
				TEST_HOST = "$(BUILT_PRODUCTS_DIR)/kidsnote.app/$(BUNDLE_EXECUTABLE_FOLDER_PATH)/kidsnote";
			};
			name = Debug;
		};
		F23D244C295D42F200EB06E6 /* Release */ = {
			isa = XCBuildConfiguration;
			buildSettings = {
				ALWAYS_EMBED_SWIFT_STANDARD_LIBRARIES = YES;
				BUNDLE_LOADER = "$(TEST_HOST)";
				CODE_SIGN_STYLE = Automatic;
				CURRENT_PROJECT_VERSION = 1;
				DEVELOPMENT_TEAM = X893KGQD89;
				GENERATE_INFOPLIST_FILE = YES;
				IPHONEOS_DEPLOYMENT_TARGET = 16.0;
				MARKETING_VERSION = 1.0;
				PRODUCT_BUNDLE_IDENTIFIER = com.stevenj.kidsnoteTests;
				PRODUCT_NAME = "$(TARGET_NAME)";
				SWIFT_EMIT_LOC_STRINGS = NO;
				SWIFT_VERSION = 5.0;
				TARGETED_DEVICE_FAMILY = "1,2";
				TEST_HOST = "$(BUILT_PRODUCTS_DIR)/kidsnote.app/$(BUNDLE_EXECUTABLE_FOLDER_PATH)/kidsnote";
			};
			name = Release;
		};
		F23D244E295D42F200EB06E6 /* Debug */ = {
			isa = XCBuildConfiguration;
			buildSettings = {
				ALWAYS_EMBED_SWIFT_STANDARD_LIBRARIES = YES;
				CODE_SIGN_STYLE = Automatic;
				CURRENT_PROJECT_VERSION = 1;
				DEVELOPMENT_TEAM = X893KGQD89;
				GENERATE_INFOPLIST_FILE = YES;
				MARKETING_VERSION = 1.0;
				PRODUCT_BUNDLE_IDENTIFIER = com.stevenj.kidsnoteUITests;
				PRODUCT_NAME = "$(TARGET_NAME)";
				SWIFT_EMIT_LOC_STRINGS = NO;
				SWIFT_VERSION = 5.0;
				TARGETED_DEVICE_FAMILY = "1,2";
				TEST_TARGET_NAME = kidsnote;
			};
			name = Debug;
		};
		F23D244F295D42F200EB06E6 /* Release */ = {
			isa = XCBuildConfiguration;
			buildSettings = {
				ALWAYS_EMBED_SWIFT_STANDARD_LIBRARIES = YES;
				CODE_SIGN_STYLE = Automatic;
				CURRENT_PROJECT_VERSION = 1;
				DEVELOPMENT_TEAM = X893KGQD89;
				GENERATE_INFOPLIST_FILE = YES;
				MARKETING_VERSION = 1.0;
				PRODUCT_BUNDLE_IDENTIFIER = com.stevenj.kidsnoteUITests;
				PRODUCT_NAME = "$(TARGET_NAME)";
				SWIFT_EMIT_LOC_STRINGS = NO;
				SWIFT_VERSION = 5.0;
				TARGETED_DEVICE_FAMILY = "1,2";
				TEST_TARGET_NAME = kidsnote;
			};
			name = Release;
		};
/* End XCBuildConfiguration section */

/* Begin XCConfigurationList section */
		F23D2418295D42F100EB06E6 /* Build configuration list for PBXProject "kidsnote" */ = {
			isa = XCConfigurationList;
			buildConfigurations = (
				F23D2445295D42F200EB06E6 /* Debug */,
				F23D2446295D42F200EB06E6 /* Release */,
			);
			defaultConfigurationIsVisible = 0;
			defaultConfigurationName = Release;
		};
		F23D2447295D42F200EB06E6 /* Build configuration list for PBXNativeTarget "kidsnote" */ = {
			isa = XCConfigurationList;
			buildConfigurations = (
				F23D2448295D42F200EB06E6 /* Debug */,
				F23D2449295D42F200EB06E6 /* Release */,
			);
			defaultConfigurationIsVisible = 0;
			defaultConfigurationName = Release;
		};
		F23D244A295D42F200EB06E6 /* Build configuration list for PBXNativeTarget "kidsnoteTests" */ = {
			isa = XCConfigurationList;
			buildConfigurations = (
				F23D244B295D42F200EB06E6 /* Debug */,
				F23D244C295D42F200EB06E6 /* Release */,
			);
			defaultConfigurationIsVisible = 0;
			defaultConfigurationName = Release;
		};
		F23D244D295D42F200EB06E6 /* Build configuration list for PBXNativeTarget "kidsnoteUITests" */ = {
			isa = XCConfigurationList;
			buildConfigurations = (
				F23D244E295D42F200EB06E6 /* Debug */,
				F23D244F295D42F200EB06E6 /* Release */,
			);
			defaultConfigurationIsVisible = 0;
			defaultConfigurationName = Release;
		};
/* End XCConfigurationList section */

/* Begin XCRemoteSwiftPackageReference section */
		F23D247E2962670200EB06E6 /* XCRemoteSwiftPackageReference "FlexLayout" */ = {
			isa = XCRemoteSwiftPackageReference;
			repositoryURL = "https://github.com/layoutBox/FlexLayout.git";
			requirement = {
				kind = upToNextMajorVersion;
				minimumVersion = 1.0.0;
			};
		};
		F23D248829626AA400EB06E6 /* XCRemoteSwiftPackageReference "PinLayout" */ = {
			isa = XCRemoteSwiftPackageReference;
			repositoryURL = "https://github.com/layoutBox/PinLayout";
			requirement = {
				kind = upToNextMajorVersion;
				minimumVersion = 1.0.0;
			};
		};
/* End XCRemoteSwiftPackageReference section */

/* Begin XCSwiftPackageProductDependency section */
		F23D247F2962670200EB06E6 /* FlexLayout */ = {
			isa = XCSwiftPackageProductDependency;
			package = F23D247E2962670200EB06E6 /* XCRemoteSwiftPackageReference "FlexLayout" */;
			productName = FlexLayout;
		};
		F23D24812962670200EB06E6 /* FlexLayoutYoga */ = {
			isa = XCSwiftPackageProductDependency;
			package = F23D247E2962670200EB06E6 /* XCRemoteSwiftPackageReference "FlexLayout" */;
			productName = FlexLayoutYoga;
		};
		F23D24832962670200EB06E6 /* FlexLayoutYogaKit */ = {
			isa = XCSwiftPackageProductDependency;
			package = F23D247E2962670200EB06E6 /* XCRemoteSwiftPackageReference "FlexLayout" */;
			productName = FlexLayoutYogaKit;
		};
		F23D248929626AA400EB06E6 /* PinLayout */ = {
			isa = XCSwiftPackageProductDependency;
			package = F23D248829626AA400EB06E6 /* XCRemoteSwiftPackageReference "PinLayout" */;
			productName = PinLayout;
		};
/* End XCSwiftPackageProductDependency section */
	};
	rootObject = F23D2415295D42F100EB06E6 /* Project object */;
}
